
Microsoft Visual Studio Solution File, Format Version 12.00
# Visual Studio Version 17
VisualStudioVersion = 17.8.34601.278
MinimumVisualStudioVersion = 10.0.40219.1
Project("{FAE04EC0-301F-11D3-BF4B-00C04F79EFBC}") = "TechTalk", "TechTalk\TechTalk.csproj", "{96846FF9-0A54-44B3-A448-3EA0B1D75A92}"
EndProject
Global
	GlobalSection(SolutionConfigurationPlatforms) = preSolution
		Debug|Any CPU = Debug|Any CPU
		Release|Any CPU = Release|Any CPU
	EndGlobalSection
	GlobalSection(ProjectConfigurationPlatforms) = postSolution
		{96846FF9-0A54-44B3-A448-3EA0B1D75A92}.Debug|Any CPU.ActiveCfg = Debug|Any CPU
		{96846FF9-0A54-44B3-A448-3EA0B1D75A92}.Debug|Any CPU.Build.0 = Debug|Any CPU
		{96846FF9-0A54-44B3-A448-3EA0B1D75A92}.Release|Any CPU.ActiveCfg = Release|Any CPU
		{96846FF9-0A54-44B3-A448-3EA0B1D75A92}.Release|Any CPU.Build.0 = Release|Any CPU
	EndGlobalSection
	GlobalSection(SolutionProperties) = preSolution
		HideSolutionNode = FALSE
	EndGlobalSection
	GlobalSection(ExtensibilityGlobals) = postSolution
		SolutionGuid = {74F46C2C-D8B6-4DD5-9C10-96F106388E32}
	EndGlobalSection
EndGlobal
